// !$*UTF8*$!
{
	archiveVersion = 1;
	classes = {
	};
	objectVersion = 55;
	objects = {

/* Begin PBXBuildFile section */
		5761544428B5AB1400860F91 /* HelloRustApp.swift in Sources */ = {isa = PBXBuildFile; fileRef = 5761544328B5AB1400860F91 /* HelloRustApp.swift */; };
		5761544628B5AB1400860F91 /* ContentView.swift in Sources */ = {isa = PBXBuildFile; fileRef = 5761544528B5AB1400860F91 /* ContentView.swift */; };
		5761544828B5AB1500860F91 /* Assets.xcassets in Resources */ = {isa = PBXBuildFile; fileRef = 5761544728B5AB1500860F91 /* Assets.xcassets */; };
		5761544B28B5AB1500860F91 /* Preview Assets.xcassets in Resources */ = {isa = PBXBuildFile; fileRef = 5761544A28B5AB1500860F91 /* Preview Assets.xcassets */; };
		5761547328B5B28500860F91 /* RustTest.swift in Sources */ = {isa = PBXBuildFile; fileRef = 5761547228B5B28500860F91 /* RustTest.swift */; };
		5761547828B5B9D700860F91 /* libhellorust.a in Frameworks */ = {isa = PBXBuildFile; fileRef = 5761547728B5B9C300860F91 /* libhellorust.a */; };
/* End PBXBuildFile section */

/* Begin PBXContainerItemProxy section */
		5761545128B5AB1500860F91 /* PBXContainerItemProxy */ = {
			isa = PBXContainerItemProxy;
			containerPortal = 5761543828B5AB1400860F91 /* Project object */;
			proxyType = 1;
			remoteGlobalIDString = 5761543F28B5AB1400860F91;
			remoteInfo = HelloRust;
		};
		5761545B28B5AB1500860F91 /* PBXContainerItemProxy */ = {
			isa = PBXContainerItemProxy;
			containerPortal = 5761543828B5AB1400860F91 /* Project object */;
			proxyType = 1;
			remoteGlobalIDString = 5761543F28B5AB1400860F91;
			remoteInfo = HelloRust;
		};
/* End PBXContainerItemProxy section */

/* Begin PBXFileReference section */
		5761544028B5AB1400860F91 /* HelloRust.app */ = {isa = PBXFileReference; explicitFileType = wrapper.application; includeInIndex = 0; name = HelloRust.app; path = "/Users/seiko/Developer/Android/Library/compose-hellorust/ios/HelloRust/build/Debug-iphoneos/HelloRust.app"; sourceTree = "<absolute>"; };
		5761544328B5AB1400860F91 /* HelloRustApp.swift */ = {isa = PBXFileReference; lastKnownFileType = sourcecode.swift; path = HelloRustApp.swift; sourceTree = "<group>"; };
		5761544528B5AB1400860F91 /* ContentView.swift */ = {isa = PBXFileReference; lastKnownFileType = sourcecode.swift; path = ContentView.swift; sourceTree = "<group>"; };
		5761544728B5AB1500860F91 /* Assets.xcassets */ = {isa = PBXFileReference; lastKnownFileType = folder.assetcatalog; path = Assets.xcassets; sourceTree = "<group>"; };
		5761544A28B5AB1500860F91 /* Preview Assets.xcassets */ = {isa = PBXFileReference; lastKnownFileType = folder.assetcatalog; path = "Preview Assets.xcassets"; sourceTree = "<group>"; };
		5761545028B5AB1500860F91 /* HelloRustTests.xctest */ = {isa = PBXFileReference; explicitFileType = wrapper.cfbundle; includeInIndex = 0; name = HelloRustTests.xctest; path = "/Users/seiko/Developer/Android/Library/compose-hellorust/ios/HelloRust/build/Debug-iphoneos/HelloRustTests.xctest"; sourceTree = "<absolute>"; };
		5761545A28B5AB1500860F91 /* HelloRustUITests.xctest */ = {isa = PBXFileReference; explicitFileType = wrapper.cfbundle; includeInIndex = 0; name = HelloRustUITests.xctest; path = "/Users/seiko/Developer/Android/Library/compose-hellorust/ios/HelloRust/build/Debug-iphoneos/HelloRustUITests.xctest"; sourceTree = "<absolute>"; };
		5761547028B5ADB800860F91 /* HelloRust-Bridging-Header.h */ = {isa = PBXFileReference; lastKnownFileType = sourcecode.c.h; path = "HelloRust-Bridging-Header.h"; sourceTree = "<group>"; };
		5761547128B5ADE300860F91 /* hellorust.h */ = {isa = PBXFileReference; lastKnownFileType = sourcecode.c.h; name = hellorust.h; path = "../../hellorust/rs/hellorust-native/hellorust.h"; sourceTree = "<group>"; };
		5761547228B5B28500860F91 /* RustTest.swift */ = {isa = PBXFileReference; lastKnownFileType = sourcecode.swift; path = RustTest.swift; sourceTree = "<group>"; };
		5761547728B5B9C300860F91 /* libhellorust.a */ = {isa = PBXFileReference; lastKnownFileType = archive.ar; name = libhellorust.a; path = ../../hellorust/src/nativeInterop/cinterop/hellorust/libhellorust.a; sourceTree = "<group>"; };
/* End PBXFileReference section */

/* Begin PBXFrameworksBuildPhase section */
		5761543D28B5AB1400860F91 /* Frameworks */ = {
			isa = PBXFrameworksBuildPhase;
			buildActionMask = 2147483647;
			files = (
				5761547828B5B9D700860F91 /* libhellorust.a in Frameworks */,
			);
			runOnlyForDeploymentPostprocessing = 0;
		};
		5761544D28B5AB1500860F91 /* Frameworks */ = {
			isa = PBXFrameworksBuildPhase;
			buildActionMask = 2147483647;
			files = (
			);
			runOnlyForDeploymentPostprocessing = 0;
		};
		5761545728B5AB1500860F91 /* Frameworks */ = {
			isa = PBXFrameworksBuildPhase;
			buildActionMask = 2147483647;
			files = (
			);
			runOnlyForDeploymentPostprocessing = 0;
		};
/* End PBXFrameworksBuildPhase section */

/* Begin PBXGroup section */
		5761543728B5AB1400860F91 = {
			isa = PBXGroup;
			children = (
				5761544228B5AB1400860F91 /* HelloRust */,
				5761546D28B5AD1D00860F91 /* Frameworks */,
			);
			sourceTree = "<group>";
		};
		5761544228B5AB1400860F91 /* HelloRust */ = {
			isa = PBXGroup;
			children = (
				5761544328B5AB1400860F91 /* HelloRustApp.swift */,
				5761544528B5AB1400860F91 /* ContentView.swift */,
				5761547228B5B28500860F91 /* RustTest.swift */,
				5761544728B5AB1500860F91 /* Assets.xcassets */,
				5761544928B5AB1500860F91 /* Preview Content */,
				5761547028B5ADB800860F91 /* HelloRust-Bridging-Header.h */,
			);
			path = HelloRust;
			sourceTree = "<group>";
		};
		5761544928B5AB1500860F91 /* Preview Content */ = {
			isa = PBXGroup;
			children = (
				5761544A28B5AB1500860F91 /* Preview Assets.xcassets */,
			);
			path = "Preview Content";
			sourceTree = "<group>";
		};
		5761546D28B5AD1D00860F91 /* Frameworks */ = {
			isa = PBXGroup;
			children = (
				5761547728B5B9C300860F91 /* libhellorust.a */,
				5761547128B5ADE300860F91 /* hellorust.h */,
			);
			name = Frameworks;
			sourceTree = "<group>";
		};
/* End PBXGroup section */

/* Begin PBXNativeTarget section */
		5761543F28B5AB1400860F91 /* HelloRust */ = {
			isa = PBXNativeTarget;
			buildConfigurationList = 5761546428B5AB1500860F91 /* Build configuration list for PBXNativeTarget "HelloRust" */;
			buildPhases = (
				5761543C28B5AB1400860F91 /* Sources */,
				5761543D28B5AB1400860F91 /* Frameworks */,
				5761543E28B5AB1400860F91 /* Resources */,
			);
			buildRules = (
			);
			dependencies = (
			);
			name = HelloRust;
			productName = HelloRust;
			productReference = 5761544028B5AB1400860F91 /* HelloRust.app */;
			productType = "com.apple.product-type.application";
		};
		5761544F28B5AB1500860F91 /* HelloRustTests */ = {
			isa = PBXNativeTarget;
			buildConfigurationList = 5761546728B5AB1500860F91 /* Build configuration list for PBXNativeTarget "HelloRustTests" */;
			buildPhases = (
				5761544C28B5AB1500860F91 /* Sources */,
				5761544D28B5AB1500860F91 /* Frameworks */,
				5761544E28B5AB1500860F91 /* Resources */,
			);
			buildRules = (
			);
			dependencies = (
				5761545228B5AB1500860F91 /* PBXTargetDependency */,
			);
			name = HelloRustTests;
			productName = HelloRustTests;
			productReference = 5761545028B5AB1500860F91 /* HelloRustTests.xctest */;
			productType = "com.apple.product-type.bundle.unit-test";
		};
		5761545928B5AB1500860F91 /* HelloRustUITests */ = {
			isa = PBXNativeTarget;
			buildConfigurationList = 5761546A28B5AB1500860F91 /* Build configuration list for PBXNativeTarget "HelloRustUITests" */;
			buildPhases = (
				5761545628B5AB1500860F91 /* Sources */,
				5761545728B5AB1500860F91 /* Frameworks */,
				5761545828B5AB1500860F91 /* Resources */,
			);
			buildRules = (
			);
			dependencies = (
				5761545C28B5AB1500860F91 /* PBXTargetDependency */,
			);
			name = HelloRustUITests;
			productName = HelloRustUITests;
			productReference = 5761545A28B5AB1500860F91 /* HelloRustUITests.xctest */;
			productType = "com.apple.product-type.bundle.ui-testing";
		};
/* End PBXNativeTarget section */

/* Begin PBXProject section */
		5761543828B5AB1400860F91 /* Project object */ = {
			isa = PBXProject;
			attributes = {
				BuildIndependentTargetsInParallel = 1;
				LastSwiftUpdateCheck = 1340;
				LastUpgradeCheck = 1340;
				TargetAttributes = {
					5761543F28B5AB1400860F91 = {
						CreatedOnToolsVersion = 13.4.1;
					};
					5761544F28B5AB1500860F91 = {
						CreatedOnToolsVersion = 13.4.1;
						TestTargetID = 5761543F28B5AB1400860F91;
					};
					5761545928B5AB1500860F91 = {
						CreatedOnToolsVersion = 13.4.1;
						TestTargetID = 5761543F28B5AB1400860F91;
					};
				};
			};
			buildConfigurationList = 5761543B28B5AB1400860F91 /* Build configuration list for PBXProject "HelloRust" */;
			compatibilityVersion = "Xcode 13.0";
			developmentRegion = en;
			hasScannedForEncodings = 0;
			knownRegions = (
				en,
				Base,
			);
			mainGroup = 5761543728B5AB1400860F91;
			productRefGroup = 5761543728B5AB1400860F91;
			projectDirPath = "";
			projectRoot = "";
			targets = (
				5761543F28B5AB1400860F91 /* HelloRust */,
				5761544F28B5AB1500860F91 /* HelloRustTests */,
				5761545928B5AB1500860F91 /* HelloRustUITests */,
			);
		};
/* End PBXProject section */

/* Begin PBXResourcesBuildPhase section */
		5761543E28B5AB1400860F91 /* Resources */ = {
			isa = PBXResourcesBuildPhase;
			buildActionMask = 2147483647;
			files = (
				5761544B28B5AB1500860F91 /* Preview Assets.xcassets in Resources */,
				5761544828B5AB1500860F91 /* Assets.xcassets in Resources */,
			);
			runOnlyForDeploymentPostprocessing = 0;
		};
		5761544E28B5AB1500860F91 /* Resources */ = {
			isa = PBXResourcesBuildPhase;
			buildActionMask = 2147483647;
			files = (
			);
			runOnlyForDeploymentPostprocessing = 0;
		};
		5761545828B5AB1500860F91 /* Resources */ = {
			isa = PBXResourcesBuildPhase;
			buildActionMask = 2147483647;
			files = (
			);
			runOnlyForDeploymentPostprocessing = 0;
		};
/* End PBXResourcesBuildPhase section */

/* Begin PBXSourcesBuildPhase section */
		5761543C28B5AB1400860F91 /* Sources */ = {
			isa = PBXSourcesBuildPhase;
			buildActionMask = 2147483647;
			files = (
				5761544628B5AB1400860F91 /* ContentView.swift in Sources */,
				5761544428B5AB1400860F91 /* HelloRustApp.swift in Sources */,
				5761547328B5B28500860F91 /* RustTest.swift in Sources */,
			);
			runOnlyForDeploymentPostprocessing = 0;
		};
		5761544C28B5AB1500860F91 /* Sources */ = {
			isa = PBXSourcesBuildPhase;
			buildActionMask = 2147483647;
			files = (
			);
			runOnlyForDeploymentPostprocessing = 0;
		};
		5761545628B5AB1500860F91 /* Sources */ = {
			isa = PBXSourcesBuildPhase;
			buildActionMask = 2147483647;
			files = (
			);
			runOnlyForDeploymentPostprocessing = 0;
		};
/* End PBXSourcesBuildPhase section */

/* Begin PBXTargetDependency section */
		5761545228B5AB1500860F91 /* PBXTargetDependency */ = {
			isa = PBXTargetDependency;
			target = 5761543F28B5AB1400860F91 /* HelloRust */;
			targetProxy = 5761545128B5AB1500860F91 /* PBXContainerItemProxy */;
		};
		5761545C28B5AB1500860F91 /* PBXTargetDependency */ = {
			isa = PBXTargetDependency;
			target = 5761543F28B5AB1400860F91 /* HelloRust */;
			targetProxy = 5761545B28B5AB1500860F91 /* PBXContainerItemProxy */;
		};
/* End PBXTargetDependency section */

/* Begin XCBuildConfiguration section */
		5761546228B5AB1500860F91 /* Debug */ = {
			isa = XCBuildConfiguration;
			buildSettings = {
				ALWAYS_SEARCH_USER_PATHS = NO;
				CLANG_ANALYZER_NONNULL = YES;
				CLANG_ANALYZER_NUMBER_OBJECT_CONVERSION = YES_AGGRESSIVE;
				CLANG_CXX_LANGUAGE_STANDARD = "gnu++17";
				CLANG_ENABLE_MODULES = YES;
				CLANG_ENABLE_OBJC_ARC = YES;
				CLANG_ENABLE_OBJC_WEAK = YES;
				CLANG_WARN_BLOCK_CAPTURE_AUTORELEASING = YES;
				CLANG_WARN_BOOL_CONVERSION = YES;
				CLANG_WARN_COMMA = YES;
				CLANG_WARN_CONSTANT_CONVERSION = YES;
				CLANG_WARN_DEPRECATED_OBJC_IMPLEMENTATIONS = YES;
				CLANG_WARN_DIRECT_OBJC_ISA_USAGE = YES_ERROR;
				CLANG_WARN_DOCUMENTATION_COMMENTS = YES;
				CLANG_WARN_EMPTY_BODY = YES;
				CLANG_WARN_ENUM_CONVERSION = YES;
				CLANG_WARN_INFINITE_RECURSION = YES;
				CLANG_WARN_INT_CONVERSION = YES;
				CLANG_WARN_NON_LITERAL_NULL_CONVERSION = YES;
				CLANG_WARN_OBJC_IMPLICIT_RETAIN_SELF = YES;
				CLANG_WARN_OBJC_LITERAL_CONVERSION = YES;
				CLANG_WARN_OBJC_ROOT_CLASS = YES_ERROR;
				CLANG_WARN_QUOTED_INCLUDE_IN_FRAMEWORK_HEADER = YES;
				CLANG_WARN_RANGE_LOOP_ANALYSIS = YES;
				CLANG_WARN_STRICT_PROTOTYPES = YES;
				CLANG_WARN_SUSPICIOUS_MOVE = YES;
				CLANG_WARN_UNGUARDED_AVAILABILITY = YES_AGGRESSIVE;
				CLANG_WARN_UNREACHABLE_CODE = YES;
				CLANG_WARN__DUPLICATE_METHOD_MATCH = YES;
				COPY_PHASE_STRIP = NO;
				DEBUG_INFORMATION_FORMAT = dwarf;
				ENABLE_STRICT_OBJC_MSGSEND = YES;
				ENABLE_TESTABILITY = YES;
				GCC_C_LANGUAGE_STANDARD = gnu11;
				GCC_DYNAMIC_NO_PIC = NO;
				GCC_NO_COMMON_BLOCKS = YES;
				GCC_OPTIMIZATION_LEVEL = 0;
				GCC_PREPROCESSOR_DEFINITIONS = (
					"DEBUG=1",
					"$(inherited)",
				);
				GCC_WARN_64_TO_32_BIT_CONVERSION = YES;
				GCC_WARN_ABOUT_RETURN_TYPE = YES_ERROR;
				GCC_WARN_UNDECLARED_SELECTOR = YES;
				GCC_WARN_UNINITIALIZED_AUTOS = YES_AGGRESSIVE;
				GCC_WARN_UNUSED_FUNCTION = YES;
				GCC_WARN_UNUSED_VARIABLE = YES;
				IPHONEOS_DEPLOYMENT_TARGET = 15.5;
				MTL_ENABLE_DEBUG_INFO = INCLUDE_SOURCE;
				MTL_FAST_MATH = YES;
				ONLY_ACTIVE_ARCH = YES;
				SDKROOT = iphoneos;
				SWIFT_ACTIVE_COMPILATION_CONDITIONS = DEBUG;
				SWIFT_OPTIMIZATION_LEVEL = "-Onone";
			};
			name = Debug;
		};
		5761546328B5AB1500860F91 /* Release */ = {
			isa = XCBuildConfiguration;
			buildSettings = {
				ALWAYS_SEARCH_USER_PATHS = NO;
				CLANG_ANALYZER_NONNULL = YES;
				CLANG_ANALYZER_NUMBER_OBJECT_CONVERSION = YES_AGGRESSIVE;
				CLANG_CXX_LANGUAGE_STANDARD = "gnu++17";
				CLANG_ENABLE_MODULES = YES;
				CLANG_ENABLE_OBJC_ARC = YES;
				CLANG_ENABLE_OBJC_WEAK = YES;
				CLANG_WARN_BLOCK_CAPTURE_AUTORELEASING = YES;
				CLANG_WARN_BOOL_CONVERSION = YES;
				CLANG_WARN_COMMA = YES;
				CLANG_WARN_CONSTANT_CONVERSION = YES;
				CLANG_WARN_DEPRECATED_OBJC_IMPLEMENTATIONS = YES;
				CLANG_WARN_DIRECT_OBJC_ISA_USAGE = YES_ERROR;
				CLANG_WARN_DOCUMENTATION_COMMENTS = YES;
				CLANG_WARN_EMPTY_BODY = YES;
				CLANG_WARN_ENUM_CONVERSION = YES;
				CLANG_WARN_INFINITE_RECURSION = YES;
				CLANG_WARN_INT_CONVERSION = YES;
				CLANG_WARN_NON_LITERAL_NULL_CONVERSION = YES;
				CLANG_WARN_OBJC_IMPLICIT_RETAIN_SELF = YES;
				CLANG_WARN_OBJC_LITERAL_CONVERSION = YES;
				CLANG_WARN_OBJC_ROOT_CLASS = YES_ERROR;
				CLANG_WARN_QUOTED_INCLUDE_IN_FRAMEWORK_HEADER = YES;
				CLANG_WARN_RANGE_LOOP_ANALYSIS = YES;
				CLANG_WARN_STRICT_PROTOTYPES = YES;
				CLANG_WARN_SUSPICIOUS_MOVE = YES;
				CLANG_WARN_UNGUARDED_AVAILABILITY = YES_AGGRESSIVE;
				CLANG_WARN_UNREACHABLE_CODE = YES;
				CLANG_WARN__DUPLICATE_METHOD_MATCH = YES;
				COPY_PHASE_STRIP = NO;
				DEBUG_INFORMATION_FORMAT = "dwarf-with-dsym";
				ENABLE_NS_ASSERTIONS = NO;
				ENABLE_STRICT_OBJC_MSGSEND = YES;
				GCC_C_LANGUAGE_STANDARD = gnu11;
				GCC_NO_COMMON_BLOCKS = YES;
				GCC_WARN_64_TO_32_BIT_CONVERSION = YES;
				GCC_WARN_ABOUT_RETURN_TYPE = YES_ERROR;
				GCC_WARN_UNDECLARED_SELECTOR = YES;
				GCC_WARN_UNINITIALIZED_AUTOS = YES_AGGRESSIVE;
				GCC_WARN_UNUSED_FUNCTION = YES;
				GCC_WARN_UNUSED_VARIABLE = YES;
				IPHONEOS_DEPLOYMENT_TARGET = 15.5;
				MTL_ENABLE_DEBUG_INFO = NO;
				MTL_FAST_MATH = YES;
				SDKROOT = iphoneos;
				SWIFT_COMPILATION_MODE = wholemodule;
				SWIFT_OPTIMIZATION_LEVEL = "-O";
				VALIDATE_PRODUCT = YES;
			};
			name = Release;
		};
		5761546528B5AB1500860F91 /* Debug */ = {
			isa = XCBuildConfiguration;
			buildSettings = {
				ASSETCATALOG_COMPILER_APPICON_NAME = AppIcon;
				ASSETCATALOG_COMPILER_GLOBAL_ACCENT_COLOR_NAME = AccentColor;
				CODE_SIGN_STYLE = Automatic;
				CURRENT_PROJECT_VERSION = 1;
				DEVELOPMENT_ASSET_PATHS = "\"HelloRust/Preview Content\"";
				DEVELOPMENT_TEAM = 8VGKADU7QA;
				ENABLE_PREVIEWS = YES;
				GENERATE_INFOPLIST_FILE = YES;
				INFOPLIST_KEY_UIApplicationSceneManifest_Generation = YES;
				INFOPLIST_KEY_UIApplicationSupportsIndirectInputEvents = YES;
				INFOPLIST_KEY_UILaunchScreen_Generation = YES;
				INFOPLIST_KEY_UISupportedInterfaceOrientations_iPad = "UIInterfaceOrientationPortrait UIInterfaceOrientationPortraitUpsideDown UIInterfaceOrientationLandscapeLeft UIInterfaceOrientationLandscapeRight";
				INFOPLIST_KEY_UISupportedInterfaceOrientations_iPhone = "UIInterfaceOrientationPortrait UIInterfaceOrientationLandscapeLeft UIInterfaceOrientationLandscapeRight";
				LD_RUNPATH_SEARCH_PATHS = (
					"$(inherited)",
					"@executable_path/Frameworks",
				);
				LIBRARY_SEARCH_PATHS = "$(PROJECT_DIR)/../../hellorust/src/nativeInterop/cinterop/hellorust/";
				MARKETING_VERSION = 1.0;
				PRODUCT_BUNDLE_IDENTIFIER = com.seiko.HelloRust;
				PRODUCT_NAME = "$(TARGET_NAME)";
				SWIFT_EMIT_LOC_STRINGS = YES;
				SWIFT_OBJC_BRIDGING_HEADER = "$(PROJECT_DIR)/HelloRust/HelloRust-Bridging-Header.h";
				SWIFT_VERSION = 5.0;
				TARGETED_DEVICE_FAMILY = "1,2";
			};
			name = Debug;
		};
		5761546628B5AB1500860F91 /* Release */ = {
			isa = XCBuildConfiguration;
			buildSettings = {
				ASSETCATALOG_COMPILER_APPICON_NAME = AppIcon;
				ASSETCATALOG_COMPILER_GLOBAL_ACCENT_COLOR_NAME = AccentColor;
				CODE_SIGN_STYLE = Automatic;
				CURRENT_PROJECT_VERSION = 1;
				DEVELOPMENT_ASSET_PATHS = "\"HelloRust/Preview Content\"";
				DEVELOPMENT_TEAM = 8VGKADU7QA;
				ENABLE_PREVIEWS = YES;
				GENERATE_INFOPLIST_FILE = YES;
				INFOPLIST_KEY_UIApplicationSceneManifest_Generation = YES;
				INFOPLIST_KEY_UIApplicationSupportsIndirectInputEvents = YES;
				INFOPLIST_KEY_UILaunchScreen_Generation = YES;
				INFOPLIST_KEY_UISupportedInterfaceOrientations_iPad = "UIInterfaceOrientationPortrait UIInterfaceOrientationPortraitUpsideDown UIInterfaceOrientationLandscapeLeft UIInterfaceOrientationLandscapeRight";
				INFOPLIST_KEY_UISupportedInterfaceOrientations_iPhone = "UIInterfaceOrientationPortrait UIInterfaceOrientationLandscapeLeft UIInterfaceOrientationLandscapeRight";
				LD_RUNPATH_SEARCH_PATHS = (
					"$(inherited)",
					"@executable_path/Frameworks",
				);
				LIBRARY_SEARCH_PATHS = "$(PROJECT_DIR)/../../hellorust/src/nativeInterop/cinterop/hellorust/";
				MARKETING_VERSION = 1.0;
				PRODUCT_BUNDLE_IDENTIFIER = com.seiko.HelloRust;
				PRODUCT_NAME = "$(TARGET_NAME)";
				SWIFT_EMIT_LOC_STRINGS = YES;
				SWIFT_OBJC_BRIDGING_HEADER = "$(PROJECT_DIR)/HelloRust/HelloRust-Bridging-Header.h";
				SWIFT_VERSION = 5.0;
				TARGETED_DEVICE_FAMILY = "1,2";
			};
			name = Release;
		};
		5761546828B5AB1500860F91 /* Debug */ = {
			isa = XCBuildConfiguration;
			buildSettings = {
				ALWAYS_EMBED_SWIFT_STANDARD_LIBRARIES = YES;
				BUNDLE_LOADER = "$(TEST_HOST)";
				CODE_SIGN_STYLE = Automatic;
				CURRENT_PROJECT_VERSION = 1;
				DEVELOPMENT_TEAM = 8VGKADU7QA;
				GENERATE_INFOPLIST_FILE = YES;
				IPHONEOS_DEPLOYMENT_TARGET = 15.5;
				MARKETING_VERSION = 1.0;
				PRODUCT_BUNDLE_IDENTIFIER = com.seiko.HelloRustTests;
				PRODUCT_NAME = "$(TARGET_NAME)";
				SWIFT_EMIT_LOC_STRINGS = NO;
				SWIFT_VERSION = 5.0;
				TARGETED_DEVICE_FAMILY = "1,2";
				TEST_HOST = "$(BUILT_PRODUCTS_DIR)/HelloRust.app/HelloRust";
			};
			name = Debug;
		};
		5761546928B5AB1500860F91 /* Release */ = {
			isa = XCBuildConfiguration;
			buildSettings = {
				ALWAYS_EMBED_SWIFT_STANDARD_LIBRARIES = YES;
				BUNDLE_LOADER = "$(TEST_HOST)";
				CODE_SIGN_STYLE = Automatic;
				CURRENT_PROJECT_VERSION = 1;
				DEVELOPMENT_TEAM = 8VGKADU7QA;
				GENERATE_INFOPLIST_FILE = YES;
				IPHONEOS_DEPLOYMENT_TARGET = 15.5;
				MARKETING_VERSION = 1.0;
				PRODUCT_BUNDLE_IDENTIFIER = com.seiko.HelloRustTests;
				PRODUCT_NAME = "$(TARGET_NAME)";
				SWIFT_EMIT_LOC_STRINGS = NO;
				SWIFT_VERSION = 5.0;
				TARGETED_DEVICE_FAMILY = "1,2";
				TEST_HOST = "$(BUILT_PRODUCTS_DIR)/HelloRust.app/HelloRust";
			};
			name = Release;
		};
		5761546B28B5AB1500860F91 /* Debug */ = {
			isa = XCBuildConfiguration;
			buildSettings = {
				ALWAYS_EMBED_SWIFT_STANDARD_LIBRARIES = YES;
				CODE_SIGN_STYLE = Automatic;
				CURRENT_PROJECT_VERSION = 1;
				DEVELOPMENT_TEAM = 8VGKADU7QA;
				GENERATE_INFOPLIST_FILE = YES;
				MARKETING_VERSION = 1.0;
				PRODUCT_BUNDLE_IDENTIFIER = com.seiko.HelloRustUITests;
				PRODUCT_NAME = "$(TARGET_NAME)";
				SWIFT_EMIT_LOC_STRINGS = NO;
				SWIFT_VERSION = 5.0;
				TARGETED_DEVICE_FAMILY = "1,2";
				TEST_TARGET_NAME = HelloRust;
			};
			name = Debug;
		};
		5761546C28B5AB1500860F91 /* Release */ = {
			isa = XCBuildConfiguration;
			buildSettings = {
				ALWAYS_EMBED_SWIFT_STANDARD_LIBRARIES = YES;
				CODE_SIGN_STYLE = Automatic;
				CURRENT_PROJECT_VERSION = 1;
				DEVELOPMENT_TEAM = 8VGKADU7QA;
				GENERATE_INFOPLIST_FILE = YES;
				MARKETING_VERSION = 1.0;
				PRODUCT_BUNDLE_IDENTIFIER = com.seiko.HelloRustUITests;
				PRODUCT_NAME = "$(TARGET_NAME)";
				SWIFT_EMIT_LOC_STRINGS = NO;
				SWIFT_VERSION = 5.0;
				TARGETED_DEVICE_FAMILY = "1,2";
				TEST_TARGET_NAME = HelloRust;
			};
			name = Release;
		};
/* End XCBuildConfiguration section */

/* Begin XCConfigurationList section */
		5761543B28B5AB1400860F91 /* Build configuration list for PBXProject "HelloRust" */ = {
			isa = XCConfigurationList;
			buildConfigurations = (
				5761546228B5AB1500860F91 /* Debug */,
				5761546328B5AB1500860F91 /* Release */,
			);
			defaultConfigurationIsVisible = 0;
			defaultConfigurationName = Release;
		};
		5761546428B5AB1500860F91 /* Build configuration list for PBXNativeTarget "HelloRust" */ = {
			isa = XCConfigurationList;
			buildConfigurations = (
				5761546528B5AB1500860F91 /* Debug */,
				5761546628B5AB1500860F91 /* Release */,
			);
			defaultConfigurationIsVisible = 0;
			defaultConfigurationName = Release;
		};
		5761546728B5AB1500860F91 /* Build configuration list for PBXNativeTarget "HelloRustTests" */ = {
			isa = XCConfigurationList;
			buildConfigurations = (
				5761546828B5AB1500860F91 /* Debug */,
				5761546928B5AB1500860F91 /* Release */,
			);
			defaultConfigurationIsVisible = 0;
			defaultConfigurationName = Release;
		};
		5761546A28B5AB1500860F91 /* Build configuration list for PBXNativeTarget "HelloRustUITests" */ = {
			isa = XCConfigurationList;
			buildConfigurations = (
				5761546B28B5AB1500860F91 /* Debug */,
				5761546C28B5AB1500860F91 /* Release */,
			);
			defaultConfigurationIsVisible = 0;
			defaultConfigurationName = Release;
		};
/* End XCConfigurationList section */
	};
	rootObject = 5761543828B5AB1400860F91 /* Project object */;
}
